
Microsoft Visual Studio Solution File, Format Version 12.00
# Visual Studio 2013
Project("{FAE04EC0-301F-11D3-BF4B-00C04F79EFBC}") = "ProjectDT_Prototype.CSharp", "ProjectDT_Prototype.CSharp.csproj", "{7246F5CB-C29B-BCAD-9C97-3EB850670AD7}"
EndProject
Project("{FAE04EC0-301F-11D3-BF4B-00C04F79EFBC}") = "ProjectDT_Prototype.CSharp.Editor", "ProjectDT_Prototype.CSharp.Editor.csproj", "{FA649175-7B50-DC12-26A1-FD07B0EE765B}"
EndProject
Global
	GlobalSection(SolutionConfigurationPlatforms) = preSolution
		Debug|Any CPU = Debug|Any CPU
		Release|Any CPU = Release|Any CPU
	EndGlobalSection
	GlobalSection(ProjectConfigurationPlatforms) = postSolution
		{7246F5CB-C29B-BCAD-9C97-3EB850670AD7}.Debug|Any CPU.ActiveCfg = Debug|Any CPU
		{7246F5CB-C29B-BCAD-9C97-3EB850670AD7}.Debug|Any CPU.Build.0 = Debug|Any CPU
		{7246F5CB-C29B-BCAD-9C97-3EB850670AD7}.Release|Any CPU.ActiveCfg = Release|Any CPU
		{7246F5CB-C29B-BCAD-9C97-3EB850670AD7}.Release|Any CPU.Build.0 = Release|Any CPU
		{FA649175-7B50-DC12-26A1-FD07B0EE765B}.Debug|Any CPU.ActiveCfg = Debug|Any CPU
		{FA649175-7B50-DC12-26A1-FD07B0EE765B}.Debug|Any CPU.Build.0 = Debug|Any CPU
		{FA649175-7B50-DC12-26A1-FD07B0EE765B}.Release|Any CPU.ActiveCfg = Release|Any CPU
		{FA649175-7B50-DC12-26A1-FD07B0EE765B}.Release|Any CPU.Build.0 = Release|Any CPU
	EndGlobalSection
	GlobalSection(SolutionProperties) = preSolution
		HideSolutionNode = FALSE
	EndGlobalSection
EndGlobal
