Microsoft Visual Studio Solution File, Format Version 11.00
# Visual Studio 2008

Project("{EC1974FF-26A9-DB04-FA35-E802DB8DF329}") = "ProjectDP_Prototype", "Assembly-CSharp.csproj", "{69873D3D-8400-D8E2-DD08-ED82E23F8233}"
EndProject
Project("{EC1974FF-26A9-DB04-FA35-E802DB8DF329}") = "ProjectDP_Prototype", "Assembly-CSharp-Editor.csproj", "{C16FBE24-EE4E-FC59-EACB-014C8FD4785F}"
EndProject
Global
	GlobalSection(SolutionConfigurationPlatforms) = preSolution
		Debug|Any CPU = Debug|Any CPU
		Release|Any CPU = Release|Any CPU
	EndGlobalSection
	GlobalSection(ProjectConfigurationPlatforms) = postSolution
		{69873D3D-8400-D8E2-DD08-ED82E23F8233}.Debug|Any CPU.ActiveCfg = Debug|Any CPU
		{69873D3D-8400-D8E2-DD08-ED82E23F8233}.Debug|Any CPU.Build.0 = Debug|Any CPU
		{69873D3D-8400-D8E2-DD08-ED82E23F8233}.Release|Any CPU.ActiveCfg = Release|Any CPU
		{69873D3D-8400-D8E2-DD08-ED82E23F8233}.Release|Any CPU.Build.0 = Release|Any CPU
		{C16FBE24-EE4E-FC59-EACB-014C8FD4785F}.Debug|Any CPU.ActiveCfg = Debug|Any CPU
		{C16FBE24-EE4E-FC59-EACB-014C8FD4785F}.Debug|Any CPU.Build.0 = Debug|Any CPU
		{C16FBE24-EE4E-FC59-EACB-014C8FD4785F}.Release|Any CPU.ActiveCfg = Release|Any CPU
		{C16FBE24-EE4E-FC59-EACB-014C8FD4785F}.Release|Any CPU.Build.0 = Release|Any CPU
	EndGlobalSection
	GlobalSection(SolutionProperties) = preSolution
		HideSolutionNode = FALSE
	EndGlobalSection
																																																																												GlobalSection(MonoDevelopProperties) = preSolution
		StartupItem = Assembly-CSharp.csproj
		Policies = $0
		$0.TextStylePolicy = $1
		$1.inheritsSet = null
		$1.scope = text/x-csharp
		$0.CSharpFormattingPolicy = $2
		$2.inheritsSet = Mono
		$2.inheritsScope = text/x-csharp
		$2.scope = text/x-csharp
		$0.TextStylePolicy = $3
		$3.FileWidth = 120
		$3.TabWidth = 4
		$3.IndentWidth = 4
		$3.EolMarker = Unix
		$3.inheritsSet = Mono
		$3.inheritsScope = text/plain
		$3.scope = text/plain
	EndGlobalSection

EndGlobal
